
Microsoft Visual Studio Solution File, Format Version 12.00
# Visual Studio Version 17
VisualStudioVersion = 17.0.31903.59
MinimumVisualStudioVersion = 10.0.40219.1
Project("{FAE04EC0-301F-11D3-BF4B-00C04F79EFBC}") = "api", "api\api.csproj", "{9DE1BE96-913D-455B-8B6D-00F50BAF8407}"
EndProject
Project("{FAE04EC0-301F-11D3-BF4B-00C04F79EFBC}") = "test", "test\test.csproj", "{7D625F9A-CD49-4D12-8C0D-B0CBE1FEB050}"
EndProject
Global
	GlobalSection(SolutionConfigurationPlatforms) = preSolution
		Debug|Any CPU = Debug|Any CPU
		Release|Any CPU = Release|Any CPU
	EndGlobalSection
	GlobalSection(SolutionProperties) = preSolution
		HideSolutionNode = FALSE
	EndGlobalSection
	GlobalSection(ProjectConfigurationPlatforms) = postSolution
		{9DE1BE96-913D-455B-8B6D-00F50BAF8407}.Debug|Any CPU.ActiveCfg = Debug|Any CPU
		{9DE1BE96-913D-455B-8B6D-00F50BAF8407}.Debug|Any CPU.Build.0 = Debug|Any CPU
		{9DE1BE96-913D-455B-8B6D-00F50BAF8407}.Release|Any CPU.ActiveCfg = Release|Any CPU
		{9DE1BE96-913D-455B-8B6D-00F50BAF8407}.Release|Any CPU.Build.0 = Release|Any CPU
		{7D625F9A-CD49-4D12-8C0D-B0CBE1FEB050}.Debug|Any CPU.ActiveCfg = Debug|Any CPU
		{7D625F9A-CD49-4D12-8C0D-B0CBE1FEB050}.Debug|Any CPU.Build.0 = Debug|Any CPU
		{7D625F9A-CD49-4D12-8C0D-B0CBE1FEB050}.Release|Any CPU.ActiveCfg = Release|Any CPU
		{7D625F9A-CD49-4D12-8C0D-B0CBE1FEB050}.Release|Any CPU.Build.0 = Release|Any CPU
	EndGlobalSection
EndGlobal
